
Microsoft Visual Studio Solution File, Format Version 12.00
# Visual Studio Version 17
VisualStudioVersion = 17.8.34322.80
MinimumVisualStudioVersion = 10.0.40219.1
Project("{FAE04EC0-301F-11D3-BF4B-00C04F79EFBC}") = "Principio LSP", "Principio LSP\Principio LSP.csproj", "{C54B4DF3-6F72-438B-92AF-9CC2AFD226D2}"
EndProject
Global
	GlobalSection(SolutionConfigurationPlatforms) = preSolution
		Debug|Any CPU = Debug|Any CPU
		Release|Any CPU = Release|Any CPU
	EndGlobalSection
	GlobalSection(ProjectConfigurationPlatforms) = postSolution
		{C54B4DF3-6F72-438B-92AF-9CC2AFD226D2}.Debug|Any CPU.ActiveCfg = Debug|Any CPU
		{C54B4DF3-6F72-438B-92AF-9CC2AFD226D2}.Debug|Any CPU.Build.0 = Debug|Any CPU
		{C54B4DF3-6F72-438B-92AF-9CC2AFD226D2}.Release|Any CPU.ActiveCfg = Release|Any CPU
		{C54B4DF3-6F72-438B-92AF-9CC2AFD226D2}.Release|Any CPU.Build.0 = Release|Any CPU
	EndGlobalSection
	GlobalSection(SolutionProperties) = preSolution
		HideSolutionNode = FALSE
	EndGlobalSection
	GlobalSection(ExtensibilityGlobals) = postSolution
		SolutionGuid = {BD82F340-8A09-41C6-81AE-6A13364A0B98}
	EndGlobalSection
EndGlobal
